
Microsoft Visual Studio Solution File, Format Version 12.00
# Visual Studio Version 17
VisualStudioVersion = 17.9.34723.18
MinimumVisualStudioVersion = 10.0.40219.1
Project("{FAE04EC0-301F-11D3-BF4B-00C04F79EFBC}") = "ApiKanbanGestao", "ApiKanbanGestao\ApiKanbanGestao.csproj", "{093E3B25-6794-45E3-8C63-6F5C481FB4EA}"
EndProject
Global
	GlobalSection(SolutionConfigurationPlatforms) = preSolution
		Debug|Any CPU = Debug|Any CPU
		Release|Any CPU = Release|Any CPU
	EndGlobalSection
	GlobalSection(ProjectConfigurationPlatforms) = postSolution
		{093E3B25-6794-45E3-8C63-6F5C481FB4EA}.Debug|Any CPU.ActiveCfg = Debug|Any CPU
		{093E3B25-6794-45E3-8C63-6F5C481FB4EA}.Debug|Any CPU.Build.0 = Debug|Any CPU
		{093E3B25-6794-45E3-8C63-6F5C481FB4EA}.Release|Any CPU.ActiveCfg = Release|Any CPU
		{093E3B25-6794-45E3-8C63-6F5C481FB4EA}.Release|Any CPU.Build.0 = Release|Any CPU
	EndGlobalSection
	GlobalSection(SolutionProperties) = preSolution
		HideSolutionNode = FALSE
	EndGlobalSection
	GlobalSection(ExtensibilityGlobals) = postSolution
		SolutionGuid = {EA57ADF1-6C41-44A0-B79E-559AE85C069A}
	EndGlobalSection
EndGlobal
